
Microsoft Visual Studio Solution File, Format Version 12.00
# Visual Studio Version 17
VisualStudioVersion = 17.9.34723.18
MinimumVisualStudioVersion = 10.0.40219.1
Project("{9A19103F-16F7-4668-BE54-9A1E7A4F7556}") = "restful-booker-playwright", "restful-booker-playwright.csproj", "{9672E466-E50D-4FF5-B0C7-F4181193FD7D}"
EndProject
Project("{2150E333-8FDC-42A3-9474-1A3956D46DE8}") = "Solution Items", "Solution Items", "{E0A38889-0B33-4C48-94B1-858574B13B6B}"
EndProject
Global
	GlobalSection(SolutionConfigurationPlatforms) = preSolution
		Debug|Any CPU = Debug|Any CPU
		Release|Any CPU = Release|Any CPU
	EndGlobalSection
	GlobalSection(ProjectConfigurationPlatforms) = postSolution
		{9672E466-E50D-4FF5-B0C7-F4181193FD7D}.Debug|Any CPU.ActiveCfg = Debug|Any CPU
		{9672E466-E50D-4FF5-B0C7-F4181193FD7D}.Debug|Any CPU.Build.0 = Debug|Any CPU
		{9672E466-E50D-4FF5-B0C7-F4181193FD7D}.Release|Any CPU.ActiveCfg = Release|Any CPU
		{9672E466-E50D-4FF5-B0C7-F4181193FD7D}.Release|Any CPU.Build.0 = Release|Any CPU
	EndGlobalSection
	GlobalSection(SolutionProperties) = preSolution
		HideSolutionNode = FALSE
	EndGlobalSection
	GlobalSection(ExtensibilityGlobals) = postSolution
		SolutionGuid = {AB211D9D-97B1-4A8C-82D0-7B960DADBCFB}
	EndGlobalSection
EndGlobal
